{
  "name": "trx-util",
  "version": "1.0.5",
  "lockfileVersion": 1,
  "requires": true,
  "dependencies": {
    "argparse": {
      "version": "2.0.1",
      "resolved": "https://registry.npmjs.org/argparse/-/argparse-2.0.1.tgz",
      "integrity": "sha512-8+9WqebbFzpX9OR+Wa6O29asIogeRMzcGtAINdpMHHyAg10f05aSFVBbcEqGf/PXw1EjAZ+q2/bEBg3DvurK3Q=="
    },
    "dayjs": {
      "version": "1.10.4",
      "resolved": "https://registry.npmjs.org/dayjs/-/dayjs-1.10.4.tgz",
      "integrity": "sha512-RI/Hh4kqRc1UKLOAf/T5zdMMX5DQIlDxwUe3wSyMMnEbGunnpENCdbUgM+dW7kXidZqCttBrmw7BhN4TMddkCw=="
    },
    "highlight.js": {
      "version": "10.5.0",
      "resolved": "https://registry.npmjs.org/highlight.js/-/highlight.js-10.5.0.tgz",
      "integrity": "sha512-xTmvd9HiIHR6L53TMC7TKolEj65zG1XU+Onr8oi86mYa+nLcIbxTTWkpW7CsEwv/vK7u1zb8alZIMLDqqN6KTw==",
      "dev": true
    },
    "js-yaml": {
      "version": "4.0.0",
      "resolved": "https://registry.npmjs.org/js-yaml/-/js-yaml-4.0.0.tgz",
      "integrity": "sha512-pqon0s+4ScYUvX30wxQi3PogGFAlUyH0awepWvwkj4jD4v+ova3RiYw8bmA6x2rDrEaj8i/oWKoRxpVNW+Re8Q==",
      "requires": {
        "argparse": "^2.0.1"
      }
    },
    "marked": {
      "version": "1.2.8",
      "resolved": "https://registry.npmjs.org/marked/-/marked-1.2.8.tgz",
      "integrity": "sha512-lzmFjGnzWHkmbk85q/ILZjFoHHJIQGF+SxGEfIdGk/XhiTPhqGs37gbru6Kkd48diJnEyYwnG67nru0Z2gQtuQ=="
    }
  }
}
